// !$*UTF8*$!
{
	archiveVersion = 1;
	classes = {
	};
	objectVersion = 51;
	objects = {

/* Begin PBXBuildFile section */
		010845812533570300639AA8 /* HomeController1.swift in Sources */ = {isa = PBXBuildFile; fileRef = 010845802533570200639AA8 /* HomeController1.swift */; };
		010845832533579400639AA8 /* SlideMenuTableController.swift in Sources */ = {isa = PBXBuildFile; fileRef = 010845822533579400639AA8 /* SlideMenuTableController.swift */; };
		012B3C7824D9296100C55FE3 /* LeaderboardTableController.swift in Sources */ = {isa = PBXBuildFile; fileRef = 012B3C7724D9296100C55FE3 /* LeaderboardTableController.swift */; };
		0141A40924FCA767007DBB26 /* illegal.mp3 in Resources */ = {isa = PBXBuildFile; fileRef = 0141A40824FCA767007DBB26 /* illegal.mp3 */; };
		014C5AB6250B30BD0013815C /* OpeningsController.swift in Sources */ = {isa = PBXBuildFile; fileRef = 014C5AB5250B30BD0013815C /* OpeningsController.swift */; };
		014C5AB8250B31C80013815C /* CommonMovesTableController.swift in Sources */ = {isa = PBXBuildFile; fileRef = 014C5AB7250B31C80013815C /* CommonMovesTableController.swift */; };
		0154D84E24FBF7A2003DE0AA /* BoardController.swift in Sources */ = {isa = PBXBuildFile; fileRef = 0154D84D24FBF7A2003DE0AA /* BoardController.swift */; };
		0154D85224FC6585003DE0AA /* move_check.mp3 in Resources */ = {isa = PBXBuildFile; fileRef = 0154D84F24FC6580003DE0AA /* move_check.mp3 */; };
		0154D85324FC6585003DE0AA /* capture.mp3 in Resources */ = {isa = PBXBuildFile; fileRef = 0154D85024FC6583003DE0AA /* capture.mp3 */; };
		0154D85424FC6585003DE0AA /* move_self.mp3 in Resources */ = {isa = PBXBuildFile; fileRef = 0154D85124FC6585003DE0AA /* move_self.mp3 */; };
		0175103A24DC8FA600DB87FE /* ProgressTableController.swift in Sources */ = {isa = PBXBuildFile; fileRef = 0175103924DC8FA600DB87FE /* ProgressTableController.swift */; };
		0175104C24DCF6F200DB87FE /* PuzzleRushController.swift in Sources */ = {isa = PBXBuildFile; fileRef = 0175104B24DCF6F200DB87FE /* PuzzleRushController.swift */; };
		0175104E24DCF70700DB87FE /* PuzzleRatedController.swift in Sources */ = {isa = PBXBuildFile; fileRef = 0175104D24DCF70700DB87FE /* PuzzleRatedController.swift */; };
		0175105024DCF71B00DB87FE /* PuzzleLearningController.swift in Sources */ = {isa = PBXBuildFile; fileRef = 0175104F24DCF71B00DB87FE /* PuzzleLearningController.swift */; };
		0175322524DF81670051F71F /* PuzzleRushUI.swift in Sources */ = {isa = PBXBuildFile; fileRef = 0175322424DF81660051F71F /* PuzzleRushUI.swift */; };
		0186FBFD24D5106E00726BD8 /* TabBarController.swift in Sources */ = {isa = PBXBuildFile; fileRef = 0186FBFC24D5106E00726BD8 /* TabBarController.swift */; };
		0186FBFF24D515C300726BD8 /* SettingsController.swift in Sources */ = {isa = PBXBuildFile; fileRef = 0186FBFE24D515C300726BD8 /* SettingsController.swift */; };
		0186FC0224D5191400726BD8 /* LeaderboardController.swift in Sources */ = {isa = PBXBuildFile; fileRef = 0186FC0124D5191400726BD8 /* LeaderboardController.swift */; };
		0186FC0424D5193700726BD8 /* ProgressController.swift in Sources */ = {isa = PBXBuildFile; fileRef = 0186FC0324D5193700726BD8 /* ProgressController.swift */; };
		0186FC0624D51C8000726BD8 /* ContainerController.swift in Sources */ = {isa = PBXBuildFile; fileRef = 0186FC0524D51C8000726BD8 /* ContainerController.swift */; };
		0186FC0824D53C9600726BD8 /* DailyPuzzleController.swift in Sources */ = {isa = PBXBuildFile; fileRef = 0186FC0724D53C9600726BD8 /* DailyPuzzleController.swift */; };
		0186FC0A24D5ABCA00726BD8 /* ChessBoardImageController.swift in Sources */ = {isa = PBXBuildFile; fileRef = 0186FC0924D5ABCA00726BD8 /* ChessBoardImageController.swift */; };
		0186FC0C24D6109000726BD8 /* DailyPuzzlesCollectionController.swift in Sources */ = {isa = PBXBuildFile; fileRef = 0186FC0B24D6109000726BD8 /* DailyPuzzlesCollectionController.swift */; };
		0186FC0E24D748F800726BD8 /* GoogleService-Info.plist in Resources */ = {isa = PBXBuildFile; fileRef = 0186FC0D24D748F800726BD8 /* GoogleService-Info.plist */; };
		0186FC1024D7539700726BD8 /* SignInController.swift in Sources */ = {isa = PBXBuildFile; fileRef = 0186FC0F24D7539700726BD8 /* SignInController.swift */; };
		0186FC1324D77DA800726BD8 /* UserDMBS.swift in Sources */ = {isa = PBXBuildFile; fileRef = 0186FC1224D77DA800726BD8 /* UserDMBS.swift */; };
		01B1ACE024FD82FC0036AA23 /* GeneratedPuzzles-5.json in Resources */ = {isa = PBXBuildFile; fileRef = 01B1ACDF24FD82FC0036AA23 /* GeneratedPuzzles-5.json */; };
		01B1ACE324FEB04C0036AA23 /* BoardControllerHelper.swift in Sources */ = {isa = PBXBuildFile; fileRef = 01B1ACE224FEB04C0036AA23 /* BoardControllerHelper.swift */; };
		01C2412F24DA7269006741E4 /* BCPTest.xcdatamodeld in Sources */ = {isa = PBXBuildFile; fileRef = 01C2412D24DA7269006741E4 /* BCPTest.xcdatamodeld */; };
		01C9006F24DB2815003293D4 /* ProgressUI.swift in Sources */ = {isa = PBXBuildFile; fileRef = 01C9006E24DB2815003293D4 /* ProgressUI.swift */; };
		01D0830624CFA445001F57E6 /* UserDataManager.swift in Sources */ = {isa = PBXBuildFile; fileRef = 01D0830524CFA445001F57E6 /* UserDataManager.swift */; };
		01D0830824CFA8AC001F57E6 /* ThemeTableController.swift in Sources */ = {isa = PBXBuildFile; fileRef = 01D0830724CFA8AC001F57E6 /* ThemeTableController.swift */; };
		01D3F39D25013EBD009E3A84 /* resultGood.mp3 in Resources */ = {isa = PBXBuildFile; fileRef = 01D3F39B25013EBD009E3A84 /* resultGood.mp3 */; };
		01D3F39E25013EBD009E3A84 /* resultBad.mp3 in Resources */ = {isa = PBXBuildFile; fileRef = 01D3F39C25013EBD009E3A84 /* resultBad.mp3 */; };
		01E7BABC24E71E060052B2DD /* PostRushController.swift in Sources */ = {isa = PBXBuildFile; fileRef = 01E7BABB24E71E060052B2DD /* PostRushController.swift */; };
		01E7BABE24E773A70052B2DD /* PublicDBMS.swift in Sources */ = {isa = PBXBuildFile; fileRef = 01E7BABD24E773A70052B2DD /* PublicDBMS.swift */; };
		01E7BAF124E832060052B2DD /* PuzzleAttempt+CoreDataClass.swift in Sources */ = {isa = PBXBuildFile; fileRef = 01E7BAE724E832060052B2DD /* PuzzleAttempt+CoreDataClass.swift */; };
		01E7BAF224E832060052B2DD /* PuzzleAttempt+CoreDataProperties.swift in Sources */ = {isa = PBXBuildFile; fileRef = 01E7BAE824E832060052B2DD /* PuzzleAttempt+CoreDataProperties.swift */; };
		01E7BAF324E832060052B2DD /* Rush3Attempt+CoreDataClass.swift in Sources */ = {isa = PBXBuildFile; fileRef = 01E7BAE924E832060052B2DD /* Rush3Attempt+CoreDataClass.swift */; };
		01E7BAF424E832060052B2DD /* Rush3Attempt+CoreDataProperties.swift in Sources */ = {isa = PBXBuildFile; fileRef = 01E7BAEA24E832060052B2DD /* Rush3Attempt+CoreDataProperties.swift */; };
		01E7BAF524E832060052B2DD /* PuzzleReference+CoreDataClass.swift in Sources */ = {isa = PBXBuildFile; fileRef = 01E7BAEB24E832060052B2DD /* PuzzleReference+CoreDataClass.swift */; };
		01E7BAF624E832060052B2DD /* PuzzleReference+CoreDataProperties.swift in Sources */ = {isa = PBXBuildFile; fileRef = 01E7BAEC24E832060052B2DD /* PuzzleReference+CoreDataProperties.swift */; };
		01E7BAF724E832060052B2DD /* Rush5Attempt+CoreDataClass.swift in Sources */ = {isa = PBXBuildFile; fileRef = 01E7BAED24E832060052B2DD /* Rush5Attempt+CoreDataClass.swift */; };
		01E7BAF824E832060052B2DD /* Rush5Attempt+CoreDataProperties.swift in Sources */ = {isa = PBXBuildFile; fileRef = 01E7BAEE24E832060052B2DD /* Rush5Attempt+CoreDataProperties.swift */; };
		01E7BAF924E832060052B2DD /* PuzzledUser+CoreDataClass.swift in Sources */ = {isa = PBXBuildFile; fileRef = 01E7BAEF24E832060052B2DD /* PuzzledUser+CoreDataClass.swift */; };
		01E7BAFA24E832060052B2DD /* PuzzledUser+CoreDataProperties.swift in Sources */ = {isa = PBXBuildFile; fileRef = 01E7BAF024E832060052B2DD /* PuzzledUser+CoreDataProperties.swift */; };
		01E7BAFC24E99FC50052B2DD /* PostRushUI.swift in Sources */ = {isa = PBXBuildFile; fileRef = 01E7BAFB24E99FC50052B2DD /* PostRushUI.swift */; };
		01E7BAFF24E9C6D50052B2DD /* clicksound.mp3 in Resources */ = {isa = PBXBuildFile; fileRef = 01E7BAFE24E9C6D50052B2DD /* clicksound.mp3 */; };
		01E7BB0124E9CF1B0052B2DD /* piecemove.mp3 in Resources */ = {isa = PBXBuildFile; fileRef = 01E7BB0024E9CF1B0052B2DD /* piecemove.mp3 */; };
		01E7BB0724E9DB090052B2DD /* SoundEffectPlayer.swift in Sources */ = {isa = PBXBuildFile; fileRef = 01E7BB0624E9DB090052B2DD /* SoundEffectPlayer.swift */; };
		01E7BB0924E9F86E0052B2DD /* StoreKit.framework in Frameworks */ = {isa = PBXBuildFile; fileRef = 01E7BB0824E9F86E0052B2DD /* StoreKit.framework */; };
		01E7BB0B24E9FED90052B2DD /* UpgradeController.swift in Sources */ = {isa = PBXBuildFile; fileRef = 01E7BB0A24E9FED90052B2DD /* UpgradeController.swift */; };
		01E7BB1024EED8B40052B2DD /* LimitReachedController.swift in Sources */ = {isa = PBXBuildFile; fileRef = 01E7BB0F24EED8B40052B2DD /* LimitReachedController.swift */; };
		01E7BB1224EED8D10052B2DD /* UpgradeConfirmationController.swift in Sources */ = {isa = PBXBuildFile; fileRef = 01E7BB1124EED8D10052B2DD /* UpgradeConfirmationController.swift */; };
		2DFB99AA45888FCDD9AF8CC5 /* Pods_BCPtest.framework in Frameworks */ = {isa = PBXBuildFile; fileRef = DC5AEAABF0359A94E461130B /* Pods_BCPtest.framework */; };
		4DFE7AABCD66C3CB703C7F16 /* Pods_BCPtestTests.framework in Frameworks */ = {isa = PBXBuildFile; fileRef = 7D09C3B701BDD9651A4BE227 /* Pods_BCPtestTests.framework */; };
		7B8BBFA5F96EE6050E8519E1 /* Pods_BCPtest_BCPtestUITests.framework in Frameworks */ = {isa = PBXBuildFile; fileRef = 09AA082A4078732885A98FC3 /* Pods_BCPtest_BCPtestUITests.framework */; };
		7C33CCBD24BAC83800135967 /* PuzzleFromJson.swift in Sources */ = {isa = PBXBuildFile; fileRef = 7C33CCBC24BAC83800135967 /* PuzzleFromJson.swift */; };
		7C33CCC424BB891C00135967 /* CommonUI.swift in Sources */ = {isa = PBXBuildFile; fileRef = 7C33CCC324BB891C00135967 /* CommonUI.swift */; };
		7C33CCC624BB91D800135967 /* PositionTableController.swift in Sources */ = {isa = PBXBuildFile; fileRef = 7C33CCC524BB91D800135967 /* PositionTableController.swift */; };
		7C33CCC824BBC71300135967 /* PuzzleUI.swift in Sources */ = {isa = PBXBuildFile; fileRef = 7C33CCC724BBC71300135967 /* PuzzleUI.swift */; };
		7C33CCCC24C3118C00135967 /* Protocols.swift in Sources */ = {isa = PBXBuildFile; fileRef = 7C33CCCB24C3118C00135967 /* Protocols.swift */; };
		7C96CC4023A03C1D00EE9129 /* AppDelegate.swift in Sources */ = {isa = PBXBuildFile; fileRef = 7C96CC3F23A03C1D00EE9129 /* AppDelegate.swift */; };
		7C96CC4523A03C1D00EE9129 /* Main.storyboard in Resources */ = {isa = PBXBuildFile; fileRef = 7C96CC4323A03C1D00EE9129 /* Main.storyboard */; };
		7C96CC4723A03C1E00EE9129 /* Assets.xcassets in Resources */ = {isa = PBXBuildFile; fileRef = 7C96CC4623A03C1E00EE9129 /* Assets.xcassets */; };
		7C96CC4A23A03C1E00EE9129 /* LaunchScreen.storyboard in Resources */ = {isa = PBXBuildFile; fileRef = 7C96CC4823A03C1E00EE9129 /* LaunchScreen.storyboard */; };
		7C96CC5523A03C1E00EE9129 /* BCPtestTests.swift in Sources */ = {isa = PBXBuildFile; fileRef = 7C96CC5423A03C1E00EE9129 /* BCPtestTests.swift */; };
		7C96CC6023A03C1F00EE9129 /* BCPtestUITests.swift in Sources */ = {isa = PBXBuildFile; fileRef = 7C96CC5F23A03C1F00EE9129 /* BCPtestUITests.swift */; };
		7C96CC6E23A03C7600EE9129 /* puzzleInfo.swift in Sources */ = {isa = PBXBuildFile; fileRef = 7C96CC6D23A03C7600EE9129 /* puzzleInfo.swift */; };
		7C96CC7023A03CB600EE9129 /* puzzleVC.swift in Sources */ = {isa = PBXBuildFile; fileRef = 7C96CC6F23A03CB600EE9129 /* puzzleVC.swift */; };
		7C96CC7223A03CEB00EE9129 /* homepageVC.swift in Sources */ = {isa = PBXBuildFile; fileRef = 7C96CC7123A03CEB00EE9129 /* homepageVC.swift */; };
		7CE941EA245B6B2900B9A2A0 /* HomeController.swift in Sources */ = {isa = PBXBuildFile; fileRef = 7CE941E9245B6B2900B9A2A0 /* HomeController.swift */; };
/* End PBXBuildFile section */

/* Begin PBXContainerItemProxy section */
		7C96CC5123A03C1E00EE9129 /* PBXContainerItemProxy */ = {
			isa = PBXContainerItemProxy;
			containerPortal = 7C96CC3423A03C1C00EE9129 /* Project object */;
			proxyType = 1;
			remoteGlobalIDString = 7C96CC3B23A03C1C00EE9129;
			remoteInfo = BCPtest;
		};
		7C96CC5C23A03C1E00EE9129 /* PBXContainerItemProxy */ = {
			isa = PBXContainerItemProxy;
			containerPortal = 7C96CC3423A03C1C00EE9129 /* Project object */;
			proxyType = 1;
			remoteGlobalIDString = 7C96CC3B23A03C1C00EE9129;
			remoteInfo = BCPtest;
		};
/* End PBXContainerItemProxy section */

/* Begin PBXFileReference section */
		0046FB64587CE6BAFA7B598E /* Pods-BCPtest.release.xcconfig */ = {isa = PBXFileReference; includeInIndex = 1; lastKnownFileType = text.xcconfig; name = "Pods-BCPtest.release.xcconfig"; path = "Target Support Files/Pods-BCPtest/Pods-BCPtest.release.xcconfig"; sourceTree = "<group>"; };
		010845802533570200639AA8 /* HomeController1.swift */ = {isa = PBXFileReference; lastKnownFileType = sourcecode.swift; path = HomeController1.swift; sourceTree = "<group>"; };
		010845822533579400639AA8 /* SlideMenuTableController.swift */ = {isa = PBXFileReference; lastKnownFileType = sourcecode.swift; path = SlideMenuTableController.swift; sourceTree = "<group>"; };
		012B3C7724D9296100C55FE3 /* LeaderboardTableController.swift */ = {isa = PBXFileReference; lastKnownFileType = sourcecode.swift; path = LeaderboardTableController.swift; sourceTree = "<group>"; };
		0141A40824FCA767007DBB26 /* illegal.mp3 */ = {isa = PBXFileReference; lastKnownFileType = audio.mp3; path = illegal.mp3; sourceTree = "<group>"; };
		014C5AB5250B30BD0013815C /* OpeningsController.swift */ = {isa = PBXFileReference; lastKnownFileType = sourcecode.swift; path = OpeningsController.swift; sourceTree = "<group>"; };
		014C5AB7250B31C80013815C /* CommonMovesTableController.swift */ = {isa = PBXFileReference; lastKnownFileType = sourcecode.swift; path = CommonMovesTableController.swift; sourceTree = "<group>"; };
		0154D84D24FBF7A2003DE0AA /* BoardController.swift */ = {isa = PBXFileReference; lastKnownFileType = sourcecode.swift; path = BoardController.swift; sourceTree = "<group>"; };
		0154D84F24FC6580003DE0AA /* move_check.mp3 */ = {isa = PBXFileReference; lastKnownFileType = audio.mp3; path = move_check.mp3; sourceTree = "<group>"; };
		0154D85024FC6583003DE0AA /* capture.mp3 */ = {isa = PBXFileReference; lastKnownFileType = audio.mp3; path = capture.mp3; sourceTree = "<group>"; };
		0154D85124FC6585003DE0AA /* move_self.mp3 */ = {isa = PBXFileReference; lastKnownFileType = audio.mp3; path = move_self.mp3; sourceTree = "<group>"; };
		0175103924DC8FA600DB87FE /* ProgressTableController.swift */ = {isa = PBXFileReference; lastKnownFileType = sourcecode.swift; path = ProgressTableController.swift; sourceTree = "<group>"; };
		0175104B24DCF6F200DB87FE /* PuzzleRushController.swift */ = {isa = PBXFileReference; lastKnownFileType = sourcecode.swift; path = PuzzleRushController.swift; sourceTree = "<group>"; };
		0175104D24DCF70700DB87FE /* PuzzleRatedController.swift */ = {isa = PBXFileReference; lastKnownFileType = sourcecode.swift; path = PuzzleRatedController.swift; sourceTree = "<group>"; };
		0175104F24DCF71B00DB87FE /* PuzzleLearningController.swift */ = {isa = PBXFileReference; lastKnownFileType = sourcecode.swift; path = PuzzleLearningController.swift; sourceTree = "<group>"; };
		0175322424DF81660051F71F /* PuzzleRushUI.swift */ = {isa = PBXFileReference; lastKnownFileType = sourcecode.swift; path = PuzzleRushUI.swift; sourceTree = "<group>"; };
		0186FBFC24D5106E00726BD8 /* TabBarController.swift */ = {isa = PBXFileReference; lastKnownFileType = sourcecode.swift; path = TabBarController.swift; sourceTree = "<group>"; };
		0186FBFE24D515C300726BD8 /* SettingsController.swift */ = {isa = PBXFileReference; lastKnownFileType = sourcecode.swift; path = SettingsController.swift; sourceTree = "<group>"; };
		0186FC0124D5191400726BD8 /* LeaderboardController.swift */ = {isa = PBXFileReference; lastKnownFileType = sourcecode.swift; path = LeaderboardController.swift; sourceTree = "<group>"; };
		0186FC0324D5193700726BD8 /* ProgressController.swift */ = {isa = PBXFileReference; lastKnownFileType = sourcecode.swift; path = ProgressController.swift; sourceTree = "<group>"; };
		0186FC0524D51C8000726BD8 /* ContainerController.swift */ = {isa = PBXFileReference; lastKnownFileType = sourcecode.swift; path = ContainerController.swift; sourceTree = "<group>"; };
		0186FC0724D53C9600726BD8 /* DailyPuzzleController.swift */ = {isa = PBXFileReference; lastKnownFileType = sourcecode.swift; path = DailyPuzzleController.swift; sourceTree = "<group>"; };
		0186FC0924D5ABCA00726BD8 /* ChessBoardImageController.swift */ = {isa = PBXFileReference; lastKnownFileType = sourcecode.swift; path = ChessBoardImageController.swift; sourceTree = "<group>"; };
		0186FC0B24D6109000726BD8 /* DailyPuzzlesCollectionController.swift */ = {isa = PBXFileReference; lastKnownFileType = sourcecode.swift; path = DailyPuzzlesCollectionController.swift; sourceTree = "<group>"; };
		0186FC0D24D748F800726BD8 /* GoogleService-Info.plist */ = {isa = PBXFileReference; fileEncoding = 4; lastKnownFileType = text.plist.xml; path = "GoogleService-Info.plist"; sourceTree = "<group>"; };
		0186FC0F24D7539700726BD8 /* SignInController.swift */ = {isa = PBXFileReference; lastKnownFileType = sourcecode.swift; path = SignInController.swift; sourceTree = "<group>"; };
		0186FC1224D77DA800726BD8 /* UserDMBS.swift */ = {isa = PBXFileReference; lastKnownFileType = sourcecode.swift; path = UserDMBS.swift; sourceTree = "<group>"; };
		01B1ACDF24FD82FC0036AA23 /* GeneratedPuzzles-5.json */ = {isa = PBXFileReference; fileEncoding = 4; lastKnownFileType = text.json; path = "GeneratedPuzzles-5.json"; sourceTree = "<group>"; };
		01B1ACE224FEB04C0036AA23 /* BoardControllerHelper.swift */ = {isa = PBXFileReference; lastKnownFileType = sourcecode.swift; path = BoardControllerHelper.swift; sourceTree = "<group>"; };
		01C2412E24DA7269006741E4 /* BCPTest.xcdatamodel */ = {isa = PBXFileReference; lastKnownFileType = wrapper.xcdatamodel; path = BCPTest.xcdatamodel; sourceTree = "<group>"; };
		01C9006E24DB2815003293D4 /* ProgressUI.swift */ = {isa = PBXFileReference; lastKnownFileType = sourcecode.swift; path = ProgressUI.swift; sourceTree = "<group>"; };
		01D0830524CFA445001F57E6 /* UserDataManager.swift */ = {isa = PBXFileReference; lastKnownFileType = sourcecode.swift; path = UserDataManager.swift; sourceTree = "<group>"; };
		01D0830724CFA8AC001F57E6 /* ThemeTableController.swift */ = {isa = PBXFileReference; lastKnownFileType = sourcecode.swift; path = ThemeTableController.swift; sourceTree = "<group>"; };
		01D3F39B25013EBD009E3A84 /* resultGood.mp3 */ = {isa = PBXFileReference; lastKnownFileType = audio.mp3; path = resultGood.mp3; sourceTree = "<group>"; };
		01D3F39C25013EBD009E3A84 /* resultBad.mp3 */ = {isa = PBXFileReference; lastKnownFileType = audio.mp3; path = resultBad.mp3; sourceTree = "<group>"; };
		01E7BABB24E71E060052B2DD /* PostRushController.swift */ = {isa = PBXFileReference; lastKnownFileType = sourcecode.swift; path = PostRushController.swift; sourceTree = "<group>"; };
		01E7BABD24E773A70052B2DD /* PublicDBMS.swift */ = {isa = PBXFileReference; lastKnownFileType = sourcecode.swift; path = PublicDBMS.swift; sourceTree = "<group>"; };
		01E7BAE724E832060052B2DD /* PuzzleAttempt+CoreDataClass.swift */ = {isa = PBXFileReference; lastKnownFileType = sourcecode.swift; path = "PuzzleAttempt+CoreDataClass.swift"; sourceTree = SOURCE_ROOT; };
		01E7BAE824E832060052B2DD /* PuzzleAttempt+CoreDataProperties.swift */ = {isa = PBXFileReference; lastKnownFileType = sourcecode.swift; path = "PuzzleAttempt+CoreDataProperties.swift"; sourceTree = SOURCE_ROOT; };
		01E7BAE924E832060052B2DD /* Rush3Attempt+CoreDataClass.swift */ = {isa = PBXFileReference; lastKnownFileType = sourcecode.swift; path = "Rush3Attempt+CoreDataClass.swift"; sourceTree = SOURCE_ROOT; };
		01E7BAEA24E832060052B2DD /* Rush3Attempt+CoreDataProperties.swift */ = {isa = PBXFileReference; lastKnownFileType = sourcecode.swift; path = "Rush3Attempt+CoreDataProperties.swift"; sourceTree = SOURCE_ROOT; };
		01E7BAEB24E832060052B2DD /* PuzzleReference+CoreDataClass.swift */ = {isa = PBXFileReference; lastKnownFileType = sourcecode.swift; path = "PuzzleReference+CoreDataClass.swift"; sourceTree = SOURCE_ROOT; };
		01E7BAEC24E832060052B2DD /* PuzzleReference+CoreDataProperties.swift */ = {isa = PBXFileReference; lastKnownFileType = sourcecode.swift; path = "PuzzleReference+CoreDataProperties.swift"; sourceTree = SOURCE_ROOT; };
		01E7BAED24E832060052B2DD /* Rush5Attempt+CoreDataClass.swift */ = {isa = PBXFileReference; lastKnownFileType = sourcecode.swift; path = "Rush5Attempt+CoreDataClass.swift"; sourceTree = SOURCE_ROOT; };
		01E7BAEE24E832060052B2DD /* Rush5Attempt+CoreDataProperties.swift */ = {isa = PBXFileReference; lastKnownFileType = sourcecode.swift; path = "Rush5Attempt+CoreDataProperties.swift"; sourceTree = SOURCE_ROOT; };
		01E7BAEF24E832060052B2DD /* PuzzledUser+CoreDataClass.swift */ = {isa = PBXFileReference; lastKnownFileType = sourcecode.swift; path = "PuzzledUser+CoreDataClass.swift"; sourceTree = SOURCE_ROOT; };
		01E7BAF024E832060052B2DD /* PuzzledUser+CoreDataProperties.swift */ = {isa = PBXFileReference; lastKnownFileType = sourcecode.swift; path = "PuzzledUser+CoreDataProperties.swift"; sourceTree = SOURCE_ROOT; };
		01E7BAFB24E99FC50052B2DD /* PostRushUI.swift */ = {isa = PBXFileReference; lastKnownFileType = sourcecode.swift; path = PostRushUI.swift; sourceTree = "<group>"; };
		01E7BAFE24E9C6D50052B2DD /* clicksound.mp3 */ = {isa = PBXFileReference; lastKnownFileType = audio.mp3; path = clicksound.mp3; sourceTree = "<group>"; };
		01E7BB0024E9CF1B0052B2DD /* piecemove.mp3 */ = {isa = PBXFileReference; lastKnownFileType = audio.mp3; path = piecemove.mp3; sourceTree = "<group>"; };
		01E7BB0624E9DB090052B2DD /* SoundEffectPlayer.swift */ = {isa = PBXFileReference; lastKnownFileType = sourcecode.swift; path = SoundEffectPlayer.swift; sourceTree = "<group>"; };
		01E7BB0824E9F86E0052B2DD /* StoreKit.framework */ = {isa = PBXFileReference; lastKnownFileType = wrapper.framework; name = StoreKit.framework; path = System/Library/Frameworks/StoreKit.framework; sourceTree = SDKROOT; };
		01E7BB0A24E9FED90052B2DD /* UpgradeController.swift */ = {isa = PBXFileReference; lastKnownFileType = sourcecode.swift; path = UpgradeController.swift; sourceTree = "<group>"; };
		01E7BB0F24EED8B40052B2DD /* LimitReachedController.swift */ = {isa = PBXFileReference; lastKnownFileType = sourcecode.swift; path = LimitReachedController.swift; sourceTree = "<group>"; };
		01E7BB1124EED8D10052B2DD /* UpgradeConfirmationController.swift */ = {isa = PBXFileReference; lastKnownFileType = sourcecode.swift; path = UpgradeConfirmationController.swift; sourceTree = "<group>"; };
		01F887682504BA3900D22502 /* Puzzled.entitlements */ = {isa = PBXFileReference; lastKnownFileType = text.plist.entitlements; path = Puzzled.entitlements; sourceTree = "<group>"; };
		09AA082A4078732885A98FC3 /* Pods_BCPtest_BCPtestUITests.framework */ = {isa = PBXFileReference; explicitFileType = wrapper.framework; includeInIndex = 0; path = Pods_BCPtest_BCPtestUITests.framework; sourceTree = BUILT_PRODUCTS_DIR; };
		0EBBB4FFBC6285CCB9A0C970 /* Pods-BCPtest-BCPtestUITests.debug.xcconfig */ = {isa = PBXFileReference; includeInIndex = 1; lastKnownFileType = text.xcconfig; name = "Pods-BCPtest-BCPtestUITests.debug.xcconfig"; path = "Target Support Files/Pods-BCPtest-BCPtestUITests/Pods-BCPtest-BCPtestUITests.debug.xcconfig"; sourceTree = "<group>"; };
		462C4FF45114BF0815A592C2 /* Pods-BCPtest.debug.xcconfig */ = {isa = PBXFileReference; includeInIndex = 1; lastKnownFileType = text.xcconfig; name = "Pods-BCPtest.debug.xcconfig"; path = "Target Support Files/Pods-BCPtest/Pods-BCPtest.debug.xcconfig"; sourceTree = "<group>"; };
		672BE6EE6B48ECC6C1C8B046 /* Pods-BCPtest-BCPtestUITests.release.xcconfig */ = {isa = PBXFileReference; includeInIndex = 1; lastKnownFileType = text.xcconfig; name = "Pods-BCPtest-BCPtestUITests.release.xcconfig"; path = "Target Support Files/Pods-BCPtest-BCPtestUITests/Pods-BCPtest-BCPtestUITests.release.xcconfig"; sourceTree = "<group>"; };
		7C33CCBC24BAC83800135967 /* PuzzleFromJson.swift */ = {isa = PBXFileReference; lastKnownFileType = sourcecode.swift; path = PuzzleFromJson.swift; sourceTree = "<group>"; };
		7C33CCC324BB891C00135967 /* CommonUI.swift */ = {isa = PBXFileReference; lastKnownFileType = sourcecode.swift; path = CommonUI.swift; sourceTree = "<group>"; };
		7C33CCC524BB91D800135967 /* PositionTableController.swift */ = {isa = PBXFileReference; lastKnownFileType = sourcecode.swift; path = PositionTableController.swift; sourceTree = "<group>"; };
		7C33CCC724BBC71300135967 /* PuzzleUI.swift */ = {isa = PBXFileReference; lastKnownFileType = sourcecode.swift; path = PuzzleUI.swift; sourceTree = "<group>"; };
		7C33CCCB24C3118C00135967 /* Protocols.swift */ = {isa = PBXFileReference; lastKnownFileType = sourcecode.swift; path = Protocols.swift; sourceTree = "<group>"; };
		7C96CC3C23A03C1C00EE9129 /* Puzzled.app */ = {isa = PBXFileReference; explicitFileType = wrapper.application; includeInIndex = 0; path = Puzzled.app; sourceTree = BUILT_PRODUCTS_DIR; };
		7C96CC3F23A03C1D00EE9129 /* AppDelegate.swift */ = {isa = PBXFileReference; lastKnownFileType = sourcecode.swift; path = AppDelegate.swift; sourceTree = "<group>"; };
		7C96CC4423A03C1D00EE9129 /* Base */ = {isa = PBXFileReference; lastKnownFileType = file.storyboard; name = Base; path = Base.lproj/Main.storyboard; sourceTree = "<group>"; };
		7C96CC4623A03C1E00EE9129 /* Assets.xcassets */ = {isa = PBXFileReference; lastKnownFileType = folder.assetcatalog; path = Assets.xcassets; sourceTree = "<group>"; };
		7C96CC4923A03C1E00EE9129 /* Base */ = {isa = PBXFileReference; lastKnownFileType = file.storyboard; name = Base; path = Base.lproj/LaunchScreen.storyboard; sourceTree = "<group>"; };
		7C96CC4B23A03C1E00EE9129 /* Info.plist */ = {isa = PBXFileReference; lastKnownFileType = text.plist.xml; path = Info.plist; sourceTree = "<group>"; };
		7C96CC5023A03C1E00EE9129 /* BCPtestTests.xctest */ = {isa = PBXFileReference; explicitFileType = wrapper.cfbundle; includeInIndex = 0; path = BCPtestTests.xctest; sourceTree = BUILT_PRODUCTS_DIR; };
		7C96CC5423A03C1E00EE9129 /* BCPtestTests.swift */ = {isa = PBXFileReference; lastKnownFileType = sourcecode.swift; path = BCPtestTests.swift; sourceTree = "<group>"; };
		7C96CC5623A03C1E00EE9129 /* Info.plist */ = {isa = PBXFileReference; lastKnownFileType = text.plist.xml; path = Info.plist; sourceTree = "<group>"; };
		7C96CC5B23A03C1E00EE9129 /* BCPtestUITests.xctest */ = {isa = PBXFileReference; explicitFileType = wrapper.cfbundle; includeInIndex = 0; path = BCPtestUITests.xctest; sourceTree = BUILT_PRODUCTS_DIR; };
		7C96CC5F23A03C1F00EE9129 /* BCPtestUITests.swift */ = {isa = PBXFileReference; lastKnownFileType = sourcecode.swift; path = BCPtestUITests.swift; sourceTree = "<group>"; };
		7C96CC6123A03C1F00EE9129 /* Info.plist */ = {isa = PBXFileReference; lastKnownFileType = text.plist.xml; path = Info.plist; sourceTree = "<group>"; };
		7C96CC6D23A03C7600EE9129 /* puzzleInfo.swift */ = {isa = PBXFileReference; lastKnownFileType = sourcecode.swift; path = puzzleInfo.swift; sourceTree = "<group>"; };
		7C96CC6F23A03CB600EE9129 /* puzzleVC.swift */ = {isa = PBXFileReference; lastKnownFileType = sourcecode.swift; path = puzzleVC.swift; sourceTree = "<group>"; };
		7C96CC7123A03CEB00EE9129 /* homepageVC.swift */ = {isa = PBXFileReference; lastKnownFileType = sourcecode.swift; path = homepageVC.swift; sourceTree = "<group>"; };
		7CE941E9245B6B2900B9A2A0 /* HomeController.swift */ = {isa = PBXFileReference; lastKnownFileType = sourcecode.swift; path = HomeController.swift; sourceTree = "<group>"; };
		7D09C3B701BDD9651A4BE227 /* Pods_BCPtestTests.framework */ = {isa = PBXFileReference; explicitFileType = wrapper.framework; includeInIndex = 0; path = Pods_BCPtestTests.framework; sourceTree = BUILT_PRODUCTS_DIR; };
		8016578EEF87085B86C9F1F2 /* Pods-BCPtestTests.release.xcconfig */ = {isa = PBXFileReference; includeInIndex = 1; lastKnownFileType = text.xcconfig; name = "Pods-BCPtestTests.release.xcconfig"; path = "Target Support Files/Pods-BCPtestTests/Pods-BCPtestTests.release.xcconfig"; sourceTree = "<group>"; };
		8DE955539497FD7407FEEA73 /* Pods-BCPtestTests.debug.xcconfig */ = {isa = PBXFileReference; includeInIndex = 1; lastKnownFileType = text.xcconfig; name = "Pods-BCPtestTests.debug.xcconfig"; path = "Target Support Files/Pods-BCPtestTests/Pods-BCPtestTests.debug.xcconfig"; sourceTree = "<group>"; };
		DC5AEAABF0359A94E461130B /* Pods_BCPtest.framework */ = {isa = PBXFileReference; explicitFileType = wrapper.framework; includeInIndex = 0; path = Pods_BCPtest.framework; sourceTree = BUILT_PRODUCTS_DIR; };
/* End PBXFileReference section */

/* Begin PBXFrameworksBuildPhase section */
		7C96CC3923A03C1C00EE9129 /* Frameworks */ = {
			isa = PBXFrameworksBuildPhase;
			buildActionMask = 2147483647;
			files = (
				2DFB99AA45888FCDD9AF8CC5 /* Pods_BCPtest.framework in Frameworks */,
				01E7BB0924E9F86E0052B2DD /* StoreKit.framework in Frameworks */,
			);
			runOnlyForDeploymentPostprocessing = 0;
		};
		7C96CC4D23A03C1E00EE9129 /* Frameworks */ = {
			isa = PBXFrameworksBuildPhase;
			buildActionMask = 2147483647;
			files = (
				4DFE7AABCD66C3CB703C7F16 /* Pods_BCPtestTests.framework in Frameworks */,
			);
			runOnlyForDeploymentPostprocessing = 0;
		};
		7C96CC5823A03C1E00EE9129 /* Frameworks */ = {
			isa = PBXFrameworksBuildPhase;
			buildActionMask = 2147483647;
			files = (
				7B8BBFA5F96EE6050E8519E1 /* Pods_BCPtest_BCPtestUITests.framework in Frameworks */,
			);
			runOnlyForDeploymentPostprocessing = 0;
		};
/* End PBXFrameworksBuildPhase section */

/* Begin PBXGroup section */
		0108457F253356EE00639AA8 /* SlideMenuApp */ = {
			isa = PBXGroup;
			children = (
				010845802533570200639AA8 /* HomeController1.swift */,
				010845822533579400639AA8 /* SlideMenuTableController.swift */,
			);
			path = SlideMenuApp;
			sourceTree = "<group>";
		};
		014C5AB4250B30920013815C /* ExtraControllers */ = {
			isa = PBXGroup;
			children = (
				014C5AB5250B30BD0013815C /* OpeningsController.swift */,
				014C5AB7250B31C80013815C /* CommonMovesTableController.swift */,
			);
			path = ExtraControllers;
			sourceTree = "<group>";
		};
		0175105124DCF72500DB87FE /* PuzzleControllers */ = {
			isa = PBXGroup;
			children = (
				0186FC0724D53C9600726BD8 /* DailyPuzzleController.swift */,
				0175104F24DCF71B00DB87FE /* PuzzleLearningController.swift */,
				0175104D24DCF70700DB87FE /* PuzzleRatedController.swift */,
				0175104B24DCF6F200DB87FE /* PuzzleRushController.swift */,
				01E7BABB24E71E060052B2DD /* PostRushController.swift */,
			);
			path = PuzzleControllers;
			sourceTree = "<group>";
		};
		0186FC0024D518BF00726BD8 /* Helper */ = {
			isa = PBXGroup;
			children = (
				01B1ACE124FEB0370036AA23 /* BoardController */,
				01D0830724CFA8AC001F57E6 /* ThemeTableController.swift */,
				7C33CCC524BB91D800135967 /* PositionTableController.swift */,
				0186FC0B24D6109000726BD8 /* DailyPuzzlesCollectionController.swift */,
				012B3C7724D9296100C55FE3 /* LeaderboardTableController.swift */,
				0175103924DC8FA600DB87FE /* ProgressTableController.swift */,
			);
			path = Helper;
			sourceTree = "<group>";
		};
		0186FC1124D77D9700726BD8 /* DBMS */ = {
			isa = PBXGroup;
			children = (
				0186FC1224D77DA800726BD8 /* UserDMBS.swift */,
				01E7BABD24E773A70052B2DD /* PublicDBMS.swift */,
			);
			path = DBMS;
			sourceTree = "<group>";
		};
		01B1ACE124FEB0370036AA23 /* BoardController */ = {
			isa = PBXGroup;
			children = (
				0154D84D24FBF7A2003DE0AA /* BoardController.swift */,
				01B1ACE224FEB04C0036AA23 /* BoardControllerHelper.swift */,
				0186FC0924D5ABCA00726BD8 /* ChessBoardImageController.swift */,
			);
			path = BoardController;
			sourceTree = "<group>";
		};
		01C2417B24DAE0B7006741E4 /* CoreDataModels */ = {
			isa = PBXGroup;
			children = (
				01E7BAE724E832060052B2DD /* PuzzleAttempt+CoreDataClass.swift */,
				01E7BAE824E832060052B2DD /* PuzzleAttempt+CoreDataProperties.swift */,
				01E7BAE924E832060052B2DD /* Rush3Attempt+CoreDataClass.swift */,
				01E7BAEA24E832060052B2DD /* Rush3Attempt+CoreDataProperties.swift */,
				01E7BAEB24E832060052B2DD /* PuzzleReference+CoreDataClass.swift */,
				01E7BAEC24E832060052B2DD /* PuzzleReference+CoreDataProperties.swift */,
				01E7BAED24E832060052B2DD /* Rush5Attempt+CoreDataClass.swift */,
				01E7BAEE24E832060052B2DD /* Rush5Attempt+CoreDataProperties.swift */,
				01E7BAEF24E832060052B2DD /* PuzzledUser+CoreDataClass.swift */,
				01E7BAF024E832060052B2DD /* PuzzledUser+CoreDataProperties.swift */,
			);
			path = CoreDataModels;
			sourceTree = "<group>";
		};
		01E7BAFD24E9C6BC0052B2DD /* Sounds */ = {
			isa = PBXGroup;
			children = (
				01D3F39C25013EBD009E3A84 /* resultBad.mp3 */,
				01D3F39B25013EBD009E3A84 /* resultGood.mp3 */,
				0141A40824FCA767007DBB26 /* illegal.mp3 */,
				0154D85024FC6583003DE0AA /* capture.mp3 */,
				0154D84F24FC6580003DE0AA /* move_check.mp3 */,
				0154D85124FC6585003DE0AA /* move_self.mp3 */,
				01E7BB0024E9CF1B0052B2DD /* piecemove.mp3 */,
				01E7BAFE24E9C6D50052B2DD /* clicksound.mp3 */,
				01E7BB0624E9DB090052B2DD /* SoundEffectPlayer.swift */,
			);
			path = Sounds;
			sourceTree = "<group>";
		};
		01E7BB0E24EED1830052B2DD /* MembershipControllers */ = {
			isa = PBXGroup;
			children = (
				01E7BB0A24E9FED90052B2DD /* UpgradeController.swift */,
				01E7BB0F24EED8B40052B2DD /* LimitReachedController.swift */,
				01E7BB1124EED8D10052B2DD /* UpgradeConfirmationController.swift */,
			);
			path = MembershipControllers;
			sourceTree = "<group>";
		};
		120BDD14AA5136088DFF9A32 /* Pods */ = {
			isa = PBXGroup;
			children = (
				462C4FF45114BF0815A592C2 /* Pods-BCPtest.debug.xcconfig */,
				0046FB64587CE6BAFA7B598E /* Pods-BCPtest.release.xcconfig */,
				0EBBB4FFBC6285CCB9A0C970 /* Pods-BCPtest-BCPtestUITests.debug.xcconfig */,
				672BE6EE6B48ECC6C1C8B046 /* Pods-BCPtest-BCPtestUITests.release.xcconfig */,
				8DE955539497FD7407FEEA73 /* Pods-BCPtestTests.debug.xcconfig */,
				8016578EEF87085B86C9F1F2 /* Pods-BCPtestTests.release.xcconfig */,
			);
			path = Pods;
			sourceTree = "<group>";
		};
		4C6275733AEF1B6F4CC8FE0F /* Frameworks */ = {
			isa = PBXGroup;
			children = (
				01E7BB0824E9F86E0052B2DD /* StoreKit.framework */,
				DC5AEAABF0359A94E461130B /* Pods_BCPtest.framework */,
				09AA082A4078732885A98FC3 /* Pods_BCPtest_BCPtestUITests.framework */,
				7D09C3B701BDD9651A4BE227 /* Pods_BCPtestTests.framework */,
			);
			name = Frameworks;
			sourceTree = "<group>";
		};
		7C33CCC224BB890E00135967 /* View */ = {
			isa = PBXGroup;
			children = (
				7C33CCC324BB891C00135967 /* CommonUI.swift */,
				7C33CCC724BBC71300135967 /* PuzzleUI.swift */,
				01C9006E24DB2815003293D4 /* ProgressUI.swift */,
				0175322424DF81660051F71F /* PuzzleRushUI.swift */,
				01E7BAFB24E99FC50052B2DD /* PostRushUI.swift */,
			);
			path = View;
			sourceTree = "<group>";
		};
		7C96CC3323A03C1C00EE9129 = {
			isa = PBXGroup;
			children = (
				7C96CC3E23A03C1C00EE9129 /* BCPtest */,
				7C96CC5323A03C1E00EE9129 /* BCPtestTests */,
				7C96CC5E23A03C1E00EE9129 /* BCPtestUITests */,
				7C96CC3D23A03C1C00EE9129 /* Products */,
				120BDD14AA5136088DFF9A32 /* Pods */,
				4C6275733AEF1B6F4CC8FE0F /* Frameworks */,
			);
			sourceTree = "<group>";
		};
		7C96CC3D23A03C1C00EE9129 /* Products */ = {
			isa = PBXGroup;
			children = (
				7C96CC3C23A03C1C00EE9129 /* Puzzled.app */,
				7C96CC5023A03C1E00EE9129 /* BCPtestTests.xctest */,
				7C96CC5B23A03C1E00EE9129 /* BCPtestUITests.xctest */,
			);
			name = Products;
			sourceTree = "<group>";
		};
		7C96CC3E23A03C1C00EE9129 /* BCPtest */ = {
			isa = PBXGroup;
			children = (
				01F887682504BA3900D22502 /* Puzzled.entitlements */,
				01E7BAFD24E9C6BC0052B2DD /* Sounds */,
				01C2417B24DAE0B7006741E4 /* CoreDataModels */,
				0186FC0D24D748F800726BD8 /* GoogleService-Info.plist */,
				7C33CCCB24C3118C00135967 /* Protocols.swift */,
				0186FC1124D77D9700726BD8 /* DBMS */,
				7C33CCC224BB890E00135967 /* View */,
				7CE941E8245B6B1700B9A2A0 /* Model */,
				7CE941E7245B6B0D00B9A2A0 /* Controller */,
				7C96CC3F23A03C1D00EE9129 /* AppDelegate.swift */,
				7C96CC4323A03C1D00EE9129 /* Main.storyboard */,
				7C96CC4623A03C1E00EE9129 /* Assets.xcassets */,
				7C96CC4823A03C1E00EE9129 /* LaunchScreen.storyboard */,
				7C96CC4B23A03C1E00EE9129 /* Info.plist */,
				7C96CC6D23A03C7600EE9129 /* puzzleInfo.swift */,
				7C96CC6F23A03CB600EE9129 /* puzzleVC.swift */,
				7C96CC7123A03CEB00EE9129 /* homepageVC.swift */,
				01C2412D24DA7269006741E4 /* BCPTest.xcdatamodeld */,
			);
			path = BCPtest;
			sourceTree = "<group>";
		};
		7C96CC5323A03C1E00EE9129 /* BCPtestTests */ = {
			isa = PBXGroup;
			children = (
				7C96CC5423A03C1E00EE9129 /* BCPtestTests.swift */,
				7C96CC5623A03C1E00EE9129 /* Info.plist */,
			);
			path = BCPtestTests;
			sourceTree = "<group>";
		};
		7C96CC5E23A03C1E00EE9129 /* BCPtestUITests */ = {
			isa = PBXGroup;
			children = (
				7C96CC5F23A03C1F00EE9129 /* BCPtestUITests.swift */,
				7C96CC6123A03C1F00EE9129 /* Info.plist */,
			);
			path = BCPtestUITests;
			sourceTree = "<group>";
		};
		7CE941E7245B6B0D00B9A2A0 /* Controller */ = {
			isa = PBXGroup;
			children = (
				0108457F253356EE00639AA8 /* SlideMenuApp */,
				014C5AB4250B30920013815C /* ExtraControllers */,
				0175105124DCF72500DB87FE /* PuzzleControllers */,
				0186FC0F24D7539700726BD8 /* SignInController.swift */,
				0186FC0524D51C8000726BD8 /* ContainerController.swift */,
				0186FBFC24D5106E00726BD8 /* TabBarController.swift */,
				7CE941E9245B6B2900B9A2A0 /* HomeController.swift */,
				0186FBFE24D515C300726BD8 /* SettingsController.swift */,
				0186FC0124D5191400726BD8 /* LeaderboardController.swift */,
				0186FC0324D5193700726BD8 /* ProgressController.swift */,
				01E7BB0E24EED1830052B2DD /* MembershipControllers */,
				0186FC0024D518BF00726BD8 /* Helper */,
			);
			path = Controller;
			sourceTree = "<group>";
		};
		7CE941E8245B6B1700B9A2A0 /* Model */ = {
			isa = PBXGroup;
			children = (
				01B1ACDF24FD82FC0036AA23 /* GeneratedPuzzles-5.json */,
				7C33CCBC24BAC83800135967 /* PuzzleFromJson.swift */,
				01D0830524CFA445001F57E6 /* UserDataManager.swift */,
			);
			path = Model;
			sourceTree = "<group>";
		};
/* End PBXGroup section */

/* Begin PBXNativeTarget section */
		7C96CC3B23A03C1C00EE9129 /* BCPtest */ = {
			isa = PBXNativeTarget;
			buildConfigurationList = 7C96CC6423A03C1F00EE9129 /* Build configuration list for PBXNativeTarget "BCPtest" */;
			buildPhases = (
				C1FC4E563245B14AE1671059 /* [CP] Check Pods Manifest.lock */,
				7C96CC3823A03C1C00EE9129 /* Sources */,
				7C96CC3923A03C1C00EE9129 /* Frameworks */,
				7C96CC3A23A03C1C00EE9129 /* Resources */,
				A4EA20069EC12C2375E3C448 /* [CP] Embed Pods Frameworks */,
			);
			buildRules = (
			);
			dependencies = (
			);
			name = BCPtest;
			productName = BCPtest;
			productReference = 7C96CC3C23A03C1C00EE9129 /* Puzzled.app */;
			productType = "com.apple.product-type.application";
		};
		7C96CC4F23A03C1E00EE9129 /* BCPtestTests */ = {
			isa = PBXNativeTarget;
			buildConfigurationList = 7C96CC6723A03C1F00EE9129 /* Build configuration list for PBXNativeTarget "BCPtestTests" */;
			buildPhases = (
				7B3EE342ED3ABD900C26A32B /* [CP] Check Pods Manifest.lock */,
				7C96CC4C23A03C1E00EE9129 /* Sources */,
				7C96CC4D23A03C1E00EE9129 /* Frameworks */,
				7C96CC4E23A03C1E00EE9129 /* Resources */,
			);
			buildRules = (
			);
			dependencies = (
				7C96CC5223A03C1E00EE9129 /* PBXTargetDependency */,
			);
			name = BCPtestTests;
			productName = BCPtestTests;
			productReference = 7C96CC5023A03C1E00EE9129 /* BCPtestTests.xctest */;
			productType = "com.apple.product-type.bundle.unit-test";
		};
		7C96CC5A23A03C1E00EE9129 /* BCPtestUITests */ = {
			isa = PBXNativeTarget;
			buildConfigurationList = 7C96CC6A23A03C1F00EE9129 /* Build configuration list for PBXNativeTarget "BCPtestUITests" */;
			buildPhases = (
				86924B6077DD1E61BF49B60F /* [CP] Check Pods Manifest.lock */,
				7C96CC5723A03C1E00EE9129 /* Sources */,
				7C96CC5823A03C1E00EE9129 /* Frameworks */,
				7C96CC5923A03C1E00EE9129 /* Resources */,
				1AF53F2CFCED4F4203FD8488 /* [CP] Embed Pods Frameworks */,
			);
			buildRules = (
			);
			dependencies = (
				7C96CC5D23A03C1E00EE9129 /* PBXTargetDependency */,
			);
			name = BCPtestUITests;
			productName = BCPtestUITests;
			productReference = 7C96CC5B23A03C1E00EE9129 /* BCPtestUITests.xctest */;
			productType = "com.apple.product-type.bundle.ui-testing";
		};
/* End PBXNativeTarget section */

/* Begin PBXProject section */
		7C96CC3423A03C1C00EE9129 /* Project object */ = {
			isa = PBXProject;
			attributes = {
				LastSwiftUpdateCheck = 1010;
				LastUpgradeCheck = 1010;
				ORGANIZATIONNAME = "Marty McCluskey";
				TargetAttributes = {
					7C96CC3B23A03C1C00EE9129 = {
						CreatedOnToolsVersion = 10.1;
					};
					7C96CC4F23A03C1E00EE9129 = {
						CreatedOnToolsVersion = 10.1;
						TestTargetID = 7C96CC3B23A03C1C00EE9129;
					};
					7C96CC5A23A03C1E00EE9129 = {
						CreatedOnToolsVersion = 10.1;
						TestTargetID = 7C96CC3B23A03C1C00EE9129;
					};
				};
			};
			buildConfigurationList = 7C96CC3723A03C1C00EE9129 /* Build configuration list for PBXProject "BCPtest" */;
			compatibilityVersion = "Xcode 9.3";
			developmentRegion = en;
			hasScannedForEncodings = 0;
			knownRegions = (
				en,
				Base,
			);
			mainGroup = 7C96CC3323A03C1C00EE9129;
			productRefGroup = 7C96CC3D23A03C1C00EE9129 /* Products */;
			projectDirPath = "";
			projectRoot = "";
			targets = (
				7C96CC3B23A03C1C00EE9129 /* BCPtest */,
				7C96CC4F23A03C1E00EE9129 /* BCPtestTests */,
				7C96CC5A23A03C1E00EE9129 /* BCPtestUITests */,
			);
		};
/* End PBXProject section */

/* Begin PBXResourcesBuildPhase section */
		7C96CC3A23A03C1C00EE9129 /* Resources */ = {
			isa = PBXResourcesBuildPhase;
			buildActionMask = 2147483647;
			files = (
				0154D85224FC6585003DE0AA /* move_check.mp3 in Resources */,
				01D3F39E25013EBD009E3A84 /* resultBad.mp3 in Resources */,
				01E7BB0124E9CF1B0052B2DD /* piecemove.mp3 in Resources */,
				0154D85324FC6585003DE0AA /* capture.mp3 in Resources */,
				01B1ACE024FD82FC0036AA23 /* GeneratedPuzzles-5.json in Resources */,
				7C96CC4A23A03C1E00EE9129 /* LaunchScreen.storyboard in Resources */,
				01D3F39D25013EBD009E3A84 /* resultGood.mp3 in Resources */,
				0186FC0E24D748F800726BD8 /* GoogleService-Info.plist in Resources */,
				0141A40924FCA767007DBB26 /* illegal.mp3 in Resources */,
				0154D85424FC6585003DE0AA /* move_self.mp3 in Resources */,
				7C96CC4723A03C1E00EE9129 /* Assets.xcassets in Resources */,
				01E7BAFF24E9C6D50052B2DD /* clicksound.mp3 in Resources */,
				7C96CC4523A03C1D00EE9129 /* Main.storyboard in Resources */,
			);
			runOnlyForDeploymentPostprocessing = 0;
		};
		7C96CC4E23A03C1E00EE9129 /* Resources */ = {
			isa = PBXResourcesBuildPhase;
			buildActionMask = 2147483647;
			files = (
			);
			runOnlyForDeploymentPostprocessing = 0;
		};
		7C96CC5923A03C1E00EE9129 /* Resources */ = {
			isa = PBXResourcesBuildPhase;
			buildActionMask = 2147483647;
			files = (
			);
			runOnlyForDeploymentPostprocessing = 0;
		};
/* End PBXResourcesBuildPhase section */

/* Begin PBXShellScriptBuildPhase section */
		1AF53F2CFCED4F4203FD8488 /* [CP] Embed Pods Frameworks */ = {
			isa = PBXShellScriptBuildPhase;
			buildActionMask = 2147483647;
			files = (
			);
			inputFileListPaths = (
				"${PODS_ROOT}/Target Support Files/Pods-BCPtest-BCPtestUITests/Pods-BCPtest-BCPtestUITests-frameworks-${CONFIGURATION}-input-files.xcfilelist",
			);
			name = "[CP] Embed Pods Frameworks";
			outputFileListPaths = (
				"${PODS_ROOT}/Target Support Files/Pods-BCPtest-BCPtestUITests/Pods-BCPtest-BCPtestUITests-frameworks-${CONFIGURATION}-output-files.xcfilelist",
			);
			runOnlyForDeploymentPostprocessing = 0;
			shellPath = /bin/sh;
			shellScript = "\"${PODS_ROOT}/Target Support Files/Pods-BCPtest-BCPtestUITests/Pods-BCPtest-BCPtestUITests-frameworks.sh\"\n";
			showEnvVarsInLog = 0;
		};
		7B3EE342ED3ABD900C26A32B /* [CP] Check Pods Manifest.lock */ = {
			isa = PBXShellScriptBuildPhase;
			buildActionMask = 2147483647;
			files = (
			);
			inputFileListPaths = (
			);
			inputPaths = (
				"${PODS_PODFILE_DIR_PATH}/Podfile.lock",
				"${PODS_ROOT}/Manifest.lock",
			);
			name = "[CP] Check Pods Manifest.lock";
			outputFileListPaths = (
			);
			outputPaths = (
				"$(DERIVED_FILE_DIR)/Pods-BCPtestTests-checkManifestLockResult.txt",
			);
			runOnlyForDeploymentPostprocessing = 0;
			shellPath = /bin/sh;
			shellScript = "diff \"${PODS_PODFILE_DIR_PATH}/Podfile.lock\" \"${PODS_ROOT}/Manifest.lock\" > /dev/null\nif [ $? != 0 ] ; then\n    # print error to STDERR\n    echo \"error: The sandbox is not in sync with the Podfile.lock. Run 'pod install' or update your CocoaPods installation.\" >&2\n    exit 1\nfi\n# This output is used by Xcode 'outputs' to avoid re-running this script phase.\necho \"SUCCESS\" > \"${SCRIPT_OUTPUT_FILE_0}\"\n";
			showEnvVarsInLog = 0;
		};
		86924B6077DD1E61BF49B60F /* [CP] Check Pods Manifest.lock */ = {
			isa = PBXShellScriptBuildPhase;
			buildActionMask = 2147483647;
			files = (
			);
			inputFileListPaths = (
			);
			inputPaths = (
				"${PODS_PODFILE_DIR_PATH}/Podfile.lock",
				"${PODS_ROOT}/Manifest.lock",
			);
			name = "[CP] Check Pods Manifest.lock";
			outputFileListPaths = (
			);
			outputPaths = (
				"$(DERIVED_FILE_DIR)/Pods-BCPtest-BCPtestUITests-checkManifestLockResult.txt",
			);
			runOnlyForDeploymentPostprocessing = 0;
			shellPath = /bin/sh;
			shellScript = "diff \"${PODS_PODFILE_DIR_PATH}/Podfile.lock\" \"${PODS_ROOT}/Manifest.lock\" > /dev/null\nif [ $? != 0 ] ; then\n    # print error to STDERR\n    echo \"error: The sandbox is not in sync with the Podfile.lock. Run 'pod install' or update your CocoaPods installation.\" >&2\n    exit 1\nfi\n# This output is used by Xcode 'outputs' to avoid re-running this script phase.\necho \"SUCCESS\" > \"${SCRIPT_OUTPUT_FILE_0}\"\n";
			showEnvVarsInLog = 0;
		};
		A4EA20069EC12C2375E3C448 /* [CP] Embed Pods Frameworks */ = {
			isa = PBXShellScriptBuildPhase;
			buildActionMask = 2147483647;
			files = (
			);
			inputFileListPaths = (
				"${PODS_ROOT}/Target Support Files/Pods-BCPtest/Pods-BCPtest-frameworks-${CONFIGURATION}-input-files.xcfilelist",
			);
			name = "[CP] Embed Pods Frameworks";
			outputFileListPaths = (
				"${PODS_ROOT}/Target Support Files/Pods-BCPtest/Pods-BCPtest-frameworks-${CONFIGURATION}-output-files.xcfilelist",
			);
			runOnlyForDeploymentPostprocessing = 0;
			shellPath = /bin/sh;
			shellScript = "\"${PODS_ROOT}/Target Support Files/Pods-BCPtest/Pods-BCPtest-frameworks.sh\"\n";
			showEnvVarsInLog = 0;
		};
		C1FC4E563245B14AE1671059 /* [CP] Check Pods Manifest.lock */ = {
			isa = PBXShellScriptBuildPhase;
			buildActionMask = 2147483647;
			files = (
			);
			inputFileListPaths = (
			);
			inputPaths = (
				"${PODS_PODFILE_DIR_PATH}/Podfile.lock",
				"${PODS_ROOT}/Manifest.lock",
			);
			name = "[CP] Check Pods Manifest.lock";
			outputFileListPaths = (
			);
			outputPaths = (
				"$(DERIVED_FILE_DIR)/Pods-BCPtest-checkManifestLockResult.txt",
			);
			runOnlyForDeploymentPostprocessing = 0;
			shellPath = /bin/sh;
			shellScript = "diff \"${PODS_PODFILE_DIR_PATH}/Podfile.lock\" \"${PODS_ROOT}/Manifest.lock\" > /dev/null\nif [ $? != 0 ] ; then\n    # print error to STDERR\n    echo \"error: The sandbox is not in sync with the Podfile.lock. Run 'pod install' or update your CocoaPods installation.\" >&2\n    exit 1\nfi\n# This output is used by Xcode 'outputs' to avoid re-running this script phase.\necho \"SUCCESS\" > \"${SCRIPT_OUTPUT_FILE_0}\"\n";
			showEnvVarsInLog = 0;
		};
/* End PBXShellScriptBuildPhase section */

/* Begin PBXSourcesBuildPhase section */
		7C96CC3823A03C1C00EE9129 /* Sources */ = {
			isa = PBXSourcesBuildPhase;
			buildActionMask = 2147483647;
			files = (
				7C33CCC424BB891C00135967 /* CommonUI.swift in Sources */,
				01E7BB0724E9DB090052B2DD /* SoundEffectPlayer.swift in Sources */,
				7C33CCBD24BAC83800135967 /* PuzzleFromJson.swift in Sources */,
				01C9006F24DB2815003293D4 /* ProgressUI.swift in Sources */,
				01E7BAFA24E832060052B2DD /* PuzzledUser+CoreDataProperties.swift in Sources */,
				01D0830824CFA8AC001F57E6 /* ThemeTableController.swift in Sources */,
				01E7BB1024EED8B40052B2DD /* LimitReachedController.swift in Sources */,
				0186FBFD24D5106E00726BD8 /* TabBarController.swift in Sources */,
				7C96CC4023A03C1D00EE9129 /* AppDelegate.swift in Sources */,
				01E7BAF524E832060052B2DD /* PuzzleReference+CoreDataClass.swift in Sources */,
				01E7BAF624E832060052B2DD /* PuzzleReference+CoreDataProperties.swift in Sources */,
				01E7BAF324E832060052B2DD /* Rush3Attempt+CoreDataClass.swift in Sources */,
				0186FC0C24D6109000726BD8 /* DailyPuzzlesCollectionController.swift in Sources */,
				7C33CCCC24C3118C00135967 /* Protocols.swift in Sources */,
				014C5AB6250B30BD0013815C /* OpeningsController.swift in Sources */,
				01C2412F24DA7269006741E4 /* BCPTest.xcdatamodeld in Sources */,
				01E7BAF224E832060052B2DD /* PuzzleAttempt+CoreDataProperties.swift in Sources */,
				01E7BAF424E832060052B2DD /* Rush3Attempt+CoreDataProperties.swift in Sources */,
				0175322524DF81670051F71F /* PuzzleRushUI.swift in Sources */,
				01E7BAFC24E99FC50052B2DD /* PostRushUI.swift in Sources */,
				01E7BB1224EED8D10052B2DD /* UpgradeConfirmationController.swift in Sources */,
				01E7BAF724E832060052B2DD /* Rush5Attempt+CoreDataClass.swift in Sources */,
				7C96CC6E23A03C7600EE9129 /* puzzleInfo.swift in Sources */,
				0175104C24DCF6F200DB87FE /* PuzzleRushController.swift in Sources */,
				0186FBFF24D515C300726BD8 /* SettingsController.swift in Sources */,
				010845832533579400639AA8 /* SlideMenuTableController.swift in Sources */,
				01E7BABE24E773A70052B2DD /* PublicDBMS.swift in Sources */,
				7C33CCC824BBC71300135967 /* PuzzleUI.swift in Sources */,
				0154D84E24FBF7A2003DE0AA /* BoardController.swift in Sources */,
				01E7BABC24E71E060052B2DD /* PostRushController.swift in Sources */,
				0175104E24DCF70700DB87FE /* PuzzleRatedController.swift in Sources */,
				0175103A24DC8FA600DB87FE /* ProgressTableController.swift in Sources */,
				01D0830624CFA445001F57E6 /* UserDataManager.swift in Sources */,
				0186FC0224D5191400726BD8 /* LeaderboardController.swift in Sources */,
				01E7BAF924E832060052B2DD /* PuzzledUser+CoreDataClass.swift in Sources */,
				010845812533570300639AA8 /* HomeController1.swift in Sources */,
				0186FC0624D51C8000726BD8 /* ContainerController.swift in Sources */,
				01E7BAF124E832060052B2DD /* PuzzleAttempt+CoreDataClass.swift in Sources */,
				0186FC1324D77DA800726BD8 /* UserDMBS.swift in Sources */,
				7C96CC7223A03CEB00EE9129 /* homepageVC.swift in Sources */,
				01E7BAF824E832060052B2DD /* Rush5Attempt+CoreDataProperties.swift in Sources */,
				01E7BB0B24E9FED90052B2DD /* UpgradeController.swift in Sources */,
				014C5AB8250B31C80013815C /* CommonMovesTableController.swift in Sources */,
				0186FC0A24D5ABCA00726BD8 /* ChessBoardImageController.swift in Sources */,
				01B1ACE324FEB04C0036AA23 /* BoardControllerHelper.swift in Sources */,
				7C96CC7023A03CB600EE9129 /* puzzleVC.swift in Sources */,
				012B3C7824D9296100C55FE3 /* LeaderboardTableController.swift in Sources */,
				0186FC0824D53C9600726BD8 /* DailyPuzzleController.swift in Sources */,
				0186FC0424D5193700726BD8 /* ProgressController.swift in Sources */,
				0175105024DCF71B00DB87FE /* PuzzleLearningController.swift in Sources */,
				7C33CCC624BB91D800135967 /* PositionTableController.swift in Sources */,
				7CE941EA245B6B2900B9A2A0 /* HomeController.swift in Sources */,
				0186FC1024D7539700726BD8 /* SignInController.swift in Sources */,
			);
			runOnlyForDeploymentPostprocessing = 0;
		};
		7C96CC4C23A03C1E00EE9129 /* Sources */ = {
			isa = PBXSourcesBuildPhase;
			buildActionMask = 2147483647;
			files = (
				7C96CC5523A03C1E00EE9129 /* BCPtestTests.swift in Sources */,
			);
			runOnlyForDeploymentPostprocessing = 0;
		};
		7C96CC5723A03C1E00EE9129 /* Sources */ = {
			isa = PBXSourcesBuildPhase;
			buildActionMask = 2147483647;
			files = (
				7C96CC6023A03C1F00EE9129 /* BCPtestUITests.swift in Sources */,
			);
			runOnlyForDeploymentPostprocessing = 0;
		};
/* End PBXSourcesBuildPhase section */

/* Begin PBXTargetDependency section */
		7C96CC5223A03C1E00EE9129 /* PBXTargetDependency */ = {
			isa = PBXTargetDependency;
			target = 7C96CC3B23A03C1C00EE9129 /* BCPtest */;
			targetProxy = 7C96CC5123A03C1E00EE9129 /* PBXContainerItemProxy */;
		};
		7C96CC5D23A03C1E00EE9129 /* PBXTargetDependency */ = {
			isa = PBXTargetDependency;
			target = 7C96CC3B23A03C1C00EE9129 /* BCPtest */;
			targetProxy = 7C96CC5C23A03C1E00EE9129 /* PBXContainerItemProxy */;
		};
/* End PBXTargetDependency section */

/* Begin PBXVariantGroup section */
		7C96CC4323A03C1D00EE9129 /* Main.storyboard */ = {
			isa = PBXVariantGroup;
			children = (
				7C96CC4423A03C1D00EE9129 /* Base */,
			);
			name = Main.storyboard;
			sourceTree = "<group>";
		};
		7C96CC4823A03C1E00EE9129 /* LaunchScreen.storyboard */ = {
			isa = PBXVariantGroup;
			children = (
				7C96CC4923A03C1E00EE9129 /* Base */,
			);
			name = LaunchScreen.storyboard;
			sourceTree = "<group>";
		};
/* End PBXVariantGroup section */

/* Begin XCBuildConfiguration section */
		7C96CC6223A03C1F00EE9129 /* Debug */ = {
			isa = XCBuildConfiguration;
			buildSettings = {
				ALWAYS_SEARCH_USER_PATHS = NO;
				CLANG_ANALYZER_NONNULL = YES;
				CLANG_ANALYZER_NUMBER_OBJECT_CONVERSION = YES_AGGRESSIVE;
				CLANG_CXX_LANGUAGE_STANDARD = "gnu++14";
				CLANG_CXX_LIBRARY = "libc++";
				CLANG_ENABLE_MODULES = YES;
				CLANG_ENABLE_OBJC_ARC = YES;
				CLANG_ENABLE_OBJC_WEAK = YES;
				CLANG_WARN_BLOCK_CAPTURE_AUTORELEASING = YES;
				CLANG_WARN_BOOL_CONVERSION = YES;
				CLANG_WARN_COMMA = YES;
				CLANG_WARN_CONSTANT_CONVERSION = YES;
				CLANG_WARN_DEPRECATED_OBJC_IMPLEMENTATIONS = YES;
				CLANG_WARN_DIRECT_OBJC_ISA_USAGE = YES_ERROR;
				CLANG_WARN_DOCUMENTATION_COMMENTS = YES;
				CLANG_WARN_EMPTY_BODY = YES;
				CLANG_WARN_ENUM_CONVERSION = YES;
				CLANG_WARN_INFINITE_RECURSION = YES;
				CLANG_WARN_INT_CONVERSION = YES;
				CLANG_WARN_NON_LITERAL_NULL_CONVERSION = YES;
				CLANG_WARN_OBJC_IMPLICIT_RETAIN_SELF = YES;
				CLANG_WARN_OBJC_LITERAL_CONVERSION = YES;
				CLANG_WARN_OBJC_ROOT_CLASS = YES_ERROR;
				CLANG_WARN_RANGE_LOOP_ANALYSIS = YES;
				CLANG_WARN_STRICT_PROTOTYPES = YES;
				CLANG_WARN_SUSPICIOUS_MOVE = YES;
				CLANG_WARN_UNGUARDED_AVAILABILITY = YES_AGGRESSIVE;
				CLANG_WARN_UNREACHABLE_CODE = YES;
				CLANG_WARN__DUPLICATE_METHOD_MATCH = YES;
				CODE_SIGN_IDENTITY = "iPhone Developer";
				COPY_PHASE_STRIP = NO;
				DEBUG_INFORMATION_FORMAT = dwarf;
				ENABLE_STRICT_OBJC_MSGSEND = YES;
				ENABLE_TESTABILITY = YES;
				GCC_C_LANGUAGE_STANDARD = gnu11;
				GCC_DYNAMIC_NO_PIC = NO;
				GCC_NO_COMMON_BLOCKS = YES;
				GCC_OPTIMIZATION_LEVEL = 0;
				GCC_PREPROCESSOR_DEFINITIONS = (
					"DEBUG=1",
					"$(inherited)",
				);
				GCC_WARN_64_TO_32_BIT_CONVERSION = YES;
				GCC_WARN_ABOUT_RETURN_TYPE = YES_ERROR;
				GCC_WARN_UNDECLARED_SELECTOR = YES;
				GCC_WARN_UNINITIALIZED_AUTOS = YES_AGGRESSIVE;
				GCC_WARN_UNUSED_FUNCTION = YES;
				GCC_WARN_UNUSED_VARIABLE = YES;
				IPHONEOS_DEPLOYMENT_TARGET = 12.1;
				MTL_ENABLE_DEBUG_INFO = INCLUDE_SOURCE;
				MTL_FAST_MATH = YES;
				ONLY_ACTIVE_ARCH = YES;
				SDKROOT = iphoneos;
				SWIFT_ACTIVE_COMPILATION_CONDITIONS = DEBUG;
				SWIFT_OPTIMIZATION_LEVEL = "-Onone";
			};
			name = Debug;
		};
		7C96CC6323A03C1F00EE9129 /* Release */ = {
			isa = XCBuildConfiguration;
			buildSettings = {
				ALWAYS_SEARCH_USER_PATHS = NO;
				CLANG_ANALYZER_NONNULL = YES;
				CLANG_ANALYZER_NUMBER_OBJECT_CONVERSION = YES_AGGRESSIVE;
				CLANG_CXX_LANGUAGE_STANDARD = "gnu++14";
				CLANG_CXX_LIBRARY = "libc++";
				CLANG_ENABLE_MODULES = YES;
				CLANG_ENABLE_OBJC_ARC = YES;
				CLANG_ENABLE_OBJC_WEAK = YES;
				CLANG_WARN_BLOCK_CAPTURE_AUTORELEASING = YES;
				CLANG_WARN_BOOL_CONVERSION = YES;
				CLANG_WARN_COMMA = YES;
				CLANG_WARN_CONSTANT_CONVERSION = YES;
				CLANG_WARN_DEPRECATED_OBJC_IMPLEMENTATIONS = YES;
				CLANG_WARN_DIRECT_OBJC_ISA_USAGE = YES_ERROR;
				CLANG_WARN_DOCUMENTATION_COMMENTS = YES;
				CLANG_WARN_EMPTY_BODY = YES;
				CLANG_WARN_ENUM_CONVERSION = YES;
				CLANG_WARN_INFINITE_RECURSION = YES;
				CLANG_WARN_INT_CONVERSION = YES;
				CLANG_WARN_NON_LITERAL_NULL_CONVERSION = YES;
				CLANG_WARN_OBJC_IMPLICIT_RETAIN_SELF = YES;
				CLANG_WARN_OBJC_LITERAL_CONVERSION = YES;
				CLANG_WARN_OBJC_ROOT_CLASS = YES_ERROR;
				CLANG_WARN_RANGE_LOOP_ANALYSIS = YES;
				CLANG_WARN_STRICT_PROTOTYPES = YES;
				CLANG_WARN_SUSPICIOUS_MOVE = YES;
				CLANG_WARN_UNGUARDED_AVAILABILITY = YES_AGGRESSIVE;
				CLANG_WARN_UNREACHABLE_CODE = YES;
				CLANG_WARN__DUPLICATE_METHOD_MATCH = YES;
				CODE_SIGN_IDENTITY = "iPhone Developer";
				COPY_PHASE_STRIP = NO;
				DEBUG_INFORMATION_FORMAT = "dwarf-with-dsym";
				ENABLE_NS_ASSERTIONS = NO;
				ENABLE_STRICT_OBJC_MSGSEND = YES;
				GCC_C_LANGUAGE_STANDARD = gnu11;
				GCC_NO_COMMON_BLOCKS = YES;
				GCC_WARN_64_TO_32_BIT_CONVERSION = YES;
				GCC_WARN_ABOUT_RETURN_TYPE = YES_ERROR;
				GCC_WARN_UNDECLARED_SELECTOR = YES;
				GCC_WARN_UNINITIALIZED_AUTOS = YES_AGGRESSIVE;
				GCC_WARN_UNUSED_FUNCTION = YES;
				GCC_WARN_UNUSED_VARIABLE = YES;
				IPHONEOS_DEPLOYMENT_TARGET = 12.1;
				MTL_ENABLE_DEBUG_INFO = NO;
				MTL_FAST_MATH = YES;
				SDKROOT = iphoneos;
				SWIFT_COMPILATION_MODE = wholemodule;
				SWIFT_OPTIMIZATION_LEVEL = "-O";
				VALIDATE_PRODUCT = YES;
			};
			name = Release;
		};
		7C96CC6523A03C1F00EE9129 /* Debug */ = {
			isa = XCBuildConfiguration;
			baseConfigurationReference = 462C4FF45114BF0815A592C2 /* Pods-BCPtest.debug.xcconfig */;
			buildSettings = {
				ASSETCATALOG_COMPILER_APPICON_NAME = AppIcon;
				ASSETCATALOG_COMPILER_LAUNCHIMAGE_NAME = "LaunchImage-2";
				CODE_SIGN_ENTITLEMENTS = BCPtest/Puzzled.entitlements;
				CODE_SIGN_STYLE = Automatic;
				CURRENT_PROJECT_VERSION = 3;
				DEVELOPMENT_TEAM = VK5RMS38VH;
				INFOPLIST_FILE = BCPtest/Info.plist;
				IPHONEOS_DEPLOYMENT_TARGET = 13.0;
				LD_RUNPATH_SEARCH_PATHS = (
					"$(inherited)",
					"@executable_path/Frameworks",
				);
				MARKETING_VERSION = 3.1.0;
				PRODUCT_BUNDLE_IDENTIFIER = kingliam.BCPtest;
				PRODUCT_NAME = Puzzled;
				SUPPORTS_MACCATALYST = NO;
				SWIFT_VERSION = 4.2;
				TARGETED_DEVICE_FAMILY = "1,2";
			};
			name = Debug;
		};
		7C96CC6623A03C1F00EE9129 /* Release */ = {
			isa = XCBuildConfiguration;
			baseConfigurationReference = 0046FB64587CE6BAFA7B598E /* Pods-BCPtest.release.xcconfig */;
			buildSettings = {
				ASSETCATALOG_COMPILER_APPICON_NAME = AppIcon;
				ASSETCATALOG_COMPILER_LAUNCHIMAGE_NAME = "LaunchImage-2";
				CODE_SIGN_ENTITLEMENTS = BCPtest/Puzzled.entitlements;
				CODE_SIGN_STYLE = Automatic;
				CURRENT_PROJECT_VERSION = 3;
				DEVELOPMENT_TEAM = VK5RMS38VH;
				INFOPLIST_FILE = BCPtest/Info.plist;
				IPHONEOS_DEPLOYMENT_TARGET = 13.0;
				LD_RUNPATH_SEARCH_PATHS = (
					"$(inherited)",
					"@executable_path/Frameworks",
				);
				MARKETING_VERSION = 3.1.0;
				PRODUCT_BUNDLE_IDENTIFIER = kingliam.BCPtest;
				PRODUCT_NAME = Puzzled;
				SUPPORTS_MACCATALYST = NO;
				SWIFT_VERSION = 4.2;
				TARGETED_DEVICE_FAMILY = "1,2";
			};
			name = Release;
		};
		7C96CC6823A03C1F00EE9129 /* Debug */ = {
			isa = XCBuildConfiguration;
			baseConfigurationReference = 8DE955539497FD7407FEEA73 /* Pods-BCPtestTests.debug.xcconfig */;
			buildSettings = {
				ALWAYS_EMBED_SWIFT_STANDARD_LIBRARIES = YES;
				BUNDLE_LOADER = "$(TEST_HOST)";
				CODE_SIGN_STYLE = Automatic;
				INFOPLIST_FILE = BCPtestTests/Info.plist;
				LD_RUNPATH_SEARCH_PATHS = (
					"$(inherited)",
					"@executable_path/Frameworks",
					"@loader_path/Frameworks",
				);
				PRODUCT_BUNDLE_IDENTIFIER = kingliam.BCPtestTests;
				PRODUCT_NAME = "$(TARGET_NAME)";
				SWIFT_VERSION = 4.2;
				TARGETED_DEVICE_FAMILY = "1,2";
				TEST_HOST = "$(BUILT_PRODUCTS_DIR)/BCPtest.app/BCPtest";
			};
			name = Debug;
		};
		7C96CC6923A03C1F00EE9129 /* Release */ = {
			isa = XCBuildConfiguration;
			baseConfigurationReference = 8016578EEF87085B86C9F1F2 /* Pods-BCPtestTests.release.xcconfig */;
			buildSettings = {
				ALWAYS_EMBED_SWIFT_STANDARD_LIBRARIES = YES;
				BUNDLE_LOADER = "$(TEST_HOST)";
				CODE_SIGN_STYLE = Automatic;
				INFOPLIST_FILE = BCPtestTests/Info.plist;
				LD_RUNPATH_SEARCH_PATHS = (
					"$(inherited)",
					"@executable_path/Frameworks",
					"@loader_path/Frameworks",
				);
				PRODUCT_BUNDLE_IDENTIFIER = kingliam.BCPtestTests;
				PRODUCT_NAME = "$(TARGET_NAME)";
				SWIFT_VERSION = 4.2;
				TARGETED_DEVICE_FAMILY = "1,2";
				TEST_HOST = "$(BUILT_PRODUCTS_DIR)/BCPtest.app/BCPtest";
			};
			name = Release;
		};
		7C96CC6B23A03C1F00EE9129 /* Debug */ = {
			isa = XCBuildConfiguration;
			baseConfigurationReference = 0EBBB4FFBC6285CCB9A0C970 /* Pods-BCPtest-BCPtestUITests.debug.xcconfig */;
			buildSettings = {
				ALWAYS_EMBED_SWIFT_STANDARD_LIBRARIES = YES;
				CODE_SIGN_STYLE = Automatic;
				INFOPLIST_FILE = BCPtestUITests/Info.plist;
				LD_RUNPATH_SEARCH_PATHS = (
					"$(inherited)",
					"@executable_path/Frameworks",
					"@loader_path/Frameworks",
				);
				PRODUCT_BUNDLE_IDENTIFIER = kingliam.BCPtestUITests;
				PRODUCT_NAME = "$(TARGET_NAME)";
				SWIFT_VERSION = 4.2;
				TARGETED_DEVICE_FAMILY = "1,2";
				TEST_TARGET_NAME = BCPtest;
			};
			name = Debug;
		};
		7C96CC6C23A03C1F00EE9129 /* Release */ = {
			isa = XCBuildConfiguration;
			baseConfigurationReference = 672BE6EE6B48ECC6C1C8B046 /* Pods-BCPtest-BCPtestUITests.release.xcconfig */;
			buildSettings = {
				ALWAYS_EMBED_SWIFT_STANDARD_LIBRARIES = YES;
				CODE_SIGN_STYLE = Automatic;
				INFOPLIST_FILE = BCPtestUITests/Info.plist;
				LD_RUNPATH_SEARCH_PATHS = (
					"$(inherited)",
					"@executable_path/Frameworks",
					"@loader_path/Frameworks",
				);
				PRODUCT_BUNDLE_IDENTIFIER = kingliam.BCPtestUITests;
				PRODUCT_NAME = "$(TARGET_NAME)";
				SWIFT_VERSION = 4.2;
				TARGETED_DEVICE_FAMILY = "1,2";
				TEST_TARGET_NAME = BCPtest;
			};
			name = Release;
		};
/* End XCBuildConfiguration section */

/* Begin XCConfigurationList section */
		7C96CC3723A03C1C00EE9129 /* Build configuration list for PBXProject "BCPtest" */ = {
			isa = XCConfigurationList;
			buildConfigurations = (
				7C96CC6223A03C1F00EE9129 /* Debug */,
				7C96CC6323A03C1F00EE9129 /* Release */,
			);
			defaultConfigurationIsVisible = 0;
			defaultConfigurationName = Release;
		};
		7C96CC6423A03C1F00EE9129 /* Build configuration list for PBXNativeTarget "BCPtest" */ = {
			isa = XCConfigurationList;
			buildConfigurations = (
				7C96CC6523A03C1F00EE9129 /* Debug */,
				7C96CC6623A03C1F00EE9129 /* Release */,
			);
			defaultConfigurationIsVisible = 0;
			defaultConfigurationName = Release;
		};
		7C96CC6723A03C1F00EE9129 /* Build configuration list for PBXNativeTarget "BCPtestTests" */ = {
			isa = XCConfigurationList;
			buildConfigurations = (
				7C96CC6823A03C1F00EE9129 /* Debug */,
				7C96CC6923A03C1F00EE9129 /* Release */,
			);
			defaultConfigurationIsVisible = 0;
			defaultConfigurationName = Release;
		};
		7C96CC6A23A03C1F00EE9129 /* Build configuration list for PBXNativeTarget "BCPtestUITests" */ = {
			isa = XCConfigurationList;
			buildConfigurations = (
				7C96CC6B23A03C1F00EE9129 /* Debug */,
				7C96CC6C23A03C1F00EE9129 /* Release */,
			);
			defaultConfigurationIsVisible = 0;
			defaultConfigurationName = Release;
		};
/* End XCConfigurationList section */

/* Begin XCVersionGroup section */
		01C2412D24DA7269006741E4 /* BCPTest.xcdatamodeld */ = {
			isa = XCVersionGroup;
			children = (
				01C2412E24DA7269006741E4 /* BCPTest.xcdatamodel */,
			);
			currentVersion = 01C2412E24DA7269006741E4 /* BCPTest.xcdatamodel */;
			path = BCPTest.xcdatamodeld;
			sourceTree = "<group>";
			versionGroupType = wrapper.xcdatamodel;
		};
/* End XCVersionGroup section */
	};
	rootObject = 7C96CC3423A03C1C00EE9129 /* Project object */;
}
